
Microsoft Visual Studio Solution File, Format Version 12.00
# Visual Studio Version 16
VisualStudioVersion = 16.0.30717.126
MinimumVisualStudioVersion = 10.0.40219.1
Project("{FAE04EC0-301F-11D3-BF4B-00C04F79EFBC}") = "GitTransfer", "GitTransfer\GitTransfer.csproj", "{66199D7C-21A7-4E62-BBE0-78FB17A781B1}"
EndProject
Global
	GlobalSection(SolutionConfigurationPlatforms) = preSolution
		Debug|Any CPU = Debug|Any CPU
		Release|Any CPU = Release|Any CPU
	EndGlobalSection
	GlobalSection(ProjectConfigurationPlatforms) = postSolution
		{66199D7C-21A7-4E62-BBE0-78FB17A781B1}.Debug|Any CPU.ActiveCfg = Debug|Any CPU
		{66199D7C-21A7-4E62-BBE0-78FB17A781B1}.Debug|Any CPU.Build.0 = Debug|Any CPU
		{66199D7C-21A7-4E62-BBE0-78FB17A781B1}.Release|Any CPU.ActiveCfg = Release|Any CPU
		{66199D7C-21A7-4E62-BBE0-78FB17A781B1}.Release|Any CPU.Build.0 = Release|Any CPU
	EndGlobalSection
	GlobalSection(SolutionProperties) = preSolution
		HideSolutionNode = FALSE
	EndGlobalSection
	GlobalSection(ExtensibilityGlobals) = postSolution
		SolutionGuid = {6881A73A-2931-410E-9634-249E4903F725}
	EndGlobalSection
EndGlobal
